
Microsoft Visual Studio Solution File, Format Version 12.00
# Visual Studio 14
VisualStudioVersion = 14.0.25123.0
MinimumVisualStudioVersion = 10.0.40219.1
Project("{FAE04EC0-301F-11D3-BF4B-00C04F79EFBC}") = "CalculatorExample", "CalculatorExample\CalculatorExample.csproj", "{1426DC4F-E5BD-4C2E-8F1F-8F2465AEA359}"
EndProject
Project("{FAE04EC0-301F-11D3-BF4B-00C04F79EFBC}") = "CalculatorExample.Tests", "CalculatorExample.Tests\CalculatorExample.Tests.csproj", "{BE100CA1-8FCA-4BC8-91CB-613ACF4B6E57}"
EndProject
Global
	GlobalSection(SolutionConfigurationPlatforms) = preSolution
		Debug|Any CPU = Debug|Any CPU
		Release|Any CPU = Release|Any CPU
	EndGlobalSection
	GlobalSection(ProjectConfigurationPlatforms) = postSolution
		{1426DC4F-E5BD-4C2E-8F1F-8F2465AEA359}.Debug|Any CPU.ActiveCfg = Debug|Any CPU
		{1426DC4F-E5BD-4C2E-8F1F-8F2465AEA359}.Debug|Any CPU.Build.0 = Debug|Any CPU
		{1426DC4F-E5BD-4C2E-8F1F-8F2465AEA359}.Release|Any CPU.ActiveCfg = Release|Any CPU
		{1426DC4F-E5BD-4C2E-8F1F-8F2465AEA359}.Release|Any CPU.Build.0 = Release|Any CPU
		{BE100CA1-8FCA-4BC8-91CB-613ACF4B6E57}.Debug|Any CPU.ActiveCfg = Debug|Any CPU
		{BE100CA1-8FCA-4BC8-91CB-613ACF4B6E57}.Debug|Any CPU.Build.0 = Debug|Any CPU
		{BE100CA1-8FCA-4BC8-91CB-613ACF4B6E57}.Release|Any CPU.ActiveCfg = Release|Any CPU
		{BE100CA1-8FCA-4BC8-91CB-613ACF4B6E57}.Release|Any CPU.Build.0 = Release|Any CPU
	EndGlobalSection
	GlobalSection(SolutionProperties) = preSolution
		HideSolutionNode = FALSE
	EndGlobalSection
EndGlobal
